
Microsoft Visual Studio Solution File, Format Version 12.00
# Visual Studio Version 17
VisualStudioVersion = 17.6.33617.297
MinimumVisualStudioVersion = 10.0.40219.1
Project("{FAE04EC0-301F-11D3-BF4B-00C04F79EFBC}") = "HalloFactory", "HalloFactory\HalloFactory.csproj", "{347AF06F-5750-4080-B2A6-7EAB5CFAA13F}"
EndProject
Global
	GlobalSection(SolutionConfigurationPlatforms) = preSolution
		Debug|Any CPU = Debug|Any CPU
		Release|Any CPU = Release|Any CPU
	EndGlobalSection
	GlobalSection(ProjectConfigurationPlatforms) = postSolution
		{347AF06F-5750-4080-B2A6-7EAB5CFAA13F}.Debug|Any CPU.ActiveCfg = Debug|Any CPU
		{347AF06F-5750-4080-B2A6-7EAB5CFAA13F}.Debug|Any CPU.Build.0 = Debug|Any CPU
		{347AF06F-5750-4080-B2A6-7EAB5CFAA13F}.Release|Any CPU.ActiveCfg = Release|Any CPU
		{347AF06F-5750-4080-B2A6-7EAB5CFAA13F}.Release|Any CPU.Build.0 = Release|Any CPU
	EndGlobalSection
	GlobalSection(SolutionProperties) = preSolution
		HideSolutionNode = FALSE
	EndGlobalSection
	GlobalSection(ExtensibilityGlobals) = postSolution
		SolutionGuid = {E36D7701-2A7F-4EBB-B0BD-7D6B4560E71C}
	EndGlobalSection
EndGlobal
