
Microsoft Visual Studio Solution File, Format Version 12.00
# Visual Studio Version 17
VisualStudioVersion = 17.6.33617.297
MinimumVisualStudioVersion = 10.0.40219.1
Project("{9A19103F-16F7-4668-BE54-9A1E7A4F7556}") = "ppedv.Rent-A-Wheel.Model", "ppedv.Rent-A-Wheel.Model\ppedv.Rent-A-Wheel.Model.csproj", "{2FC6EF8B-9AE4-4DF1-AC9D-CEBB657482C4}"
EndProject
Project("{9A19103F-16F7-4668-BE54-9A1E7A4F7556}") = "ppedv.Rent-A-Wheel.Data.EfCore", "ppedv.Rent-A-Wheel.Data.EfCore\ppedv.Rent-A-Wheel.Data.EfCore.csproj", "{30F5F6B8-601A-462D-8767-15159A0F80A6}"
EndProject
Project("{9A19103F-16F7-4668-BE54-9A1E7A4F7556}") = "ppedv.Rent-A-Wheel.Data.EfCore.Tests", "ppedv.Rent-A-Wheel.Data.EfCore.Tests\ppedv.Rent-A-Wheel.Data.EfCore.Tests.csproj", "{FAECC8FF-D2EA-4832-AEB0-E645A6C78EF6}"
EndProject
Project("{9A19103F-16F7-4668-BE54-9A1E7A4F7556}") = "ppedv.Rent-A-Wheel.Logic", "ppedv.Rent-A-Wheel.Logic\ppedv.Rent-A-Wheel.Logic.csproj", "{E825773C-32B3-4741-B5BE-D1A53744813B}"
EndProject
Project("{9A19103F-16F7-4668-BE54-9A1E7A4F7556}") = "ppedv.Rent-A-Wheel.Logic.Tests", "ppedv.Rent-A-Wheel.Logic.Tests\ppedv.Rent-A-Wheel.Logic.Tests.csproj", "{830BAF24-03BF-429A-8913-DE2D2058FA5E}"
EndProject
Project("{9A19103F-16F7-4668-BE54-9A1E7A4F7556}") = "ppedv.Rent-A-Wheel.UI.Wpf", "ppedv.Rent-A-Wheel.UI.Wpf\ppedv.Rent-A-Wheel.UI.Wpf.csproj", "{CD7DD6AC-DC9B-4A68-9D6D-F8A3AFD95D2B}"
EndProject
Project("{9A19103F-16F7-4668-BE54-9A1E7A4F7556}") = "ppedv.Rent-A-Wheel.UI.DevConsole", "ppedv.Rent-A-Wheel.UI.DevConsole\ppedv.Rent-A-Wheel.UI.DevConsole.csproj", "{3543B869-A504-46ED-A3BB-C7234DF4571D}"
EndProject
Project("{9A19103F-16F7-4668-BE54-9A1E7A4F7556}") = "ppedv.Rent-A-Wheel.UI.ASP_MVC", "ppedv.Rent-A-Wheel.UI.ASP_MVC\ppedv.Rent-A-Wheel.UI.ASP_MVC.csproj", "{605E0797-467D-4EEA-B73D-E7472A061B12}"
EndProject
Project("{9A19103F-16F7-4668-BE54-9A1E7A4F7556}") = "ppedv.Rent-A-Wheel.API.REST", "ppedv.Rent-A-Wheel.API.REST\ppedv.Rent-A-Wheel.API.REST.csproj", "{28E09D5C-1DEE-4B58-9217-25B8C8FC51E8}"
EndProject
Project("{FAE04EC0-301F-11D3-BF4B-00C04F79EFBC}") = "ppedv.Rent-A-Wheel.UI.Wpf.Tests", "ppedv.Rent-A-Wheel.UI.Wpf.Tests\ppedv.Rent-A-Wheel.UI.Wpf.Tests.csproj", "{106C7E07-432B-4205-A99C-7B1A4BB6307F}"
EndProject
Global
	GlobalSection(SolutionConfigurationPlatforms) = preSolution
		Debug|Any CPU = Debug|Any CPU
		Release|Any CPU = Release|Any CPU
	EndGlobalSection
	GlobalSection(ProjectConfigurationPlatforms) = postSolution
		{2FC6EF8B-9AE4-4DF1-AC9D-CEBB657482C4}.Debug|Any CPU.ActiveCfg = Debug|Any CPU
		{2FC6EF8B-9AE4-4DF1-AC9D-CEBB657482C4}.Debug|Any CPU.Build.0 = Debug|Any CPU
		{2FC6EF8B-9AE4-4DF1-AC9D-CEBB657482C4}.Release|Any CPU.ActiveCfg = Release|Any CPU
		{2FC6EF8B-9AE4-4DF1-AC9D-CEBB657482C4}.Release|Any CPU.Build.0 = Release|Any CPU
		{30F5F6B8-601A-462D-8767-15159A0F80A6}.Debug|Any CPU.ActiveCfg = Debug|Any CPU
		{30F5F6B8-601A-462D-8767-15159A0F80A6}.Debug|Any CPU.Build.0 = Debug|Any CPU
		{30F5F6B8-601A-462D-8767-15159A0F80A6}.Release|Any CPU.ActiveCfg = Release|Any CPU
		{30F5F6B8-601A-462D-8767-15159A0F80A6}.Release|Any CPU.Build.0 = Release|Any CPU
		{FAECC8FF-D2EA-4832-AEB0-E645A6C78EF6}.Debug|Any CPU.ActiveCfg = Debug|Any CPU
		{FAECC8FF-D2EA-4832-AEB0-E645A6C78EF6}.Debug|Any CPU.Build.0 = Debug|Any CPU
		{FAECC8FF-D2EA-4832-AEB0-E645A6C78EF6}.Release|Any CPU.ActiveCfg = Release|Any CPU
		{FAECC8FF-D2EA-4832-AEB0-E645A6C78EF6}.Release|Any CPU.Build.0 = Release|Any CPU
		{E825773C-32B3-4741-B5BE-D1A53744813B}.Debug|Any CPU.ActiveCfg = Debug|Any CPU
		{E825773C-32B3-4741-B5BE-D1A53744813B}.Debug|Any CPU.Build.0 = Debug|Any CPU
		{E825773C-32B3-4741-B5BE-D1A53744813B}.Release|Any CPU.ActiveCfg = Release|Any CPU
		{E825773C-32B3-4741-B5BE-D1A53744813B}.Release|Any CPU.Build.0 = Release|Any CPU
		{830BAF24-03BF-429A-8913-DE2D2058FA5E}.Debug|Any CPU.ActiveCfg = Debug|Any CPU
		{830BAF24-03BF-429A-8913-DE2D2058FA5E}.Debug|Any CPU.Build.0 = Debug|Any CPU
		{830BAF24-03BF-429A-8913-DE2D2058FA5E}.Release|Any CPU.ActiveCfg = Release|Any CPU
		{830BAF24-03BF-429A-8913-DE2D2058FA5E}.Release|Any CPU.Build.0 = Release|Any CPU
		{CD7DD6AC-DC9B-4A68-9D6D-F8A3AFD95D2B}.Debug|Any CPU.ActiveCfg = Debug|Any CPU
		{CD7DD6AC-DC9B-4A68-9D6D-F8A3AFD95D2B}.Debug|Any CPU.Build.0 = Debug|Any CPU
		{CD7DD6AC-DC9B-4A68-9D6D-F8A3AFD95D2B}.Release|Any CPU.ActiveCfg = Release|Any CPU
		{CD7DD6AC-DC9B-4A68-9D6D-F8A3AFD95D2B}.Release|Any CPU.Build.0 = Release|Any CPU
		{3543B869-A504-46ED-A3BB-C7234DF4571D}.Debug|Any CPU.ActiveCfg = Debug|Any CPU
		{3543B869-A504-46ED-A3BB-C7234DF4571D}.Debug|Any CPU.Build.0 = Debug|Any CPU
		{3543B869-A504-46ED-A3BB-C7234DF4571D}.Release|Any CPU.ActiveCfg = Release|Any CPU
		{3543B869-A504-46ED-A3BB-C7234DF4571D}.Release|Any CPU.Build.0 = Release|Any CPU
		{605E0797-467D-4EEA-B73D-E7472A061B12}.Debug|Any CPU.ActiveCfg = Debug|Any CPU
		{605E0797-467D-4EEA-B73D-E7472A061B12}.Debug|Any CPU.Build.0 = Debug|Any CPU
		{605E0797-467D-4EEA-B73D-E7472A061B12}.Release|Any CPU.ActiveCfg = Release|Any CPU
		{605E0797-467D-4EEA-B73D-E7472A061B12}.Release|Any CPU.Build.0 = Release|Any CPU
		{28E09D5C-1DEE-4B58-9217-25B8C8FC51E8}.Debug|Any CPU.ActiveCfg = Debug|Any CPU
		{28E09D5C-1DEE-4B58-9217-25B8C8FC51E8}.Debug|Any CPU.Build.0 = Debug|Any CPU
		{28E09D5C-1DEE-4B58-9217-25B8C8FC51E8}.Release|Any CPU.ActiveCfg = Release|Any CPU
		{28E09D5C-1DEE-4B58-9217-25B8C8FC51E8}.Release|Any CPU.Build.0 = Release|Any CPU
		{106C7E07-432B-4205-A99C-7B1A4BB6307F}.Debug|Any CPU.ActiveCfg = Debug|Any CPU
		{106C7E07-432B-4205-A99C-7B1A4BB6307F}.Debug|Any CPU.Build.0 = Debug|Any CPU
		{106C7E07-432B-4205-A99C-7B1A4BB6307F}.Release|Any CPU.ActiveCfg = Release|Any CPU
		{106C7E07-432B-4205-A99C-7B1A4BB6307F}.Release|Any CPU.Build.0 = Release|Any CPU
	EndGlobalSection
	GlobalSection(SolutionProperties) = preSolution
		HideSolutionNode = FALSE
	EndGlobalSection
	GlobalSection(ExtensibilityGlobals) = postSolution
		SolutionGuid = {362241A4-1C92-48AA-B3DC-3001BCEEE154}
	EndGlobalSection
EndGlobal
